Microsoft Visual Studio Solution File, Format Version 12.00
# Visual Studio Version 16
VisualStudioVersion = 16.0.29709.97
MinimumVisualStudioVersion = 10.0.40219.1
Project("{FAE04EC0-301F-11D3-BF4B-00C04F79EFBC}") = "UNIBA", "UNIBA.csproj", "{EDBB5745-15A1-4630-9B02-BCA84824639E}"
EndProject
Global
	GlobalSection(SolutionConfigurationPlatforms) = preSolution
		Debug|Any CPU = Debug|Any CPU
		Debug|x64 = Debug|x64
		Debug|x86 = Debug|x86
		Release|Any CPU = Release|Any CPU
		Release|x64 = Release|x64
		Release|x86 = Release|x86
	EndGlobalSection
	GlobalSection(ProjectConfigurationPlatforms) = postSolution
		{EDBB5745-15A1-4630-9B02-BCA84824639E}.Debug|Any CPU.ActiveCfg = Debug|Any CPU
		{EDBB5745-15A1-4630-9B02-BCA84824639E}.Debug|Any CPU.Build.0 = Debug|Any CPU
		{EDBB5745-15A1-4630-9B02-BCA84824639E}.Debug|x64.ActiveCfg = Debug|x64
		{EDBB5745-15A1-4630-9B02-BCA84824639E}.Debug|x64.Build.0 = Debug|x64
		{EDBB5745-15A1-4630-9B02-BCA84824639E}.Debug|x86.ActiveCfg = Debug|Any CPU
		{EDBB5745-15A1-4630-9B02-BCA84824639E}.Debug|x86.Build.0 = Debug|Any CPU
		{EDBB5745-15A1-4630-9B02-BCA84824639E}.Release|Any CPU.ActiveCfg = Release|Any CPU
		{EDBB5745-15A1-4630-9B02-BCA84824639E}.Release|Any CPU.Build.0 = Release|Any CPU
		{EDBB5745-15A1-4630-9B02-BCA84824639E}.Release|x64.ActiveCfg = Release|x64
		{EDBB5745-15A1-4630-9B02-BCA84824639E}.Release|x64.Build.0 = Release|x64
		{EDBB5745-15A1-4630-9B02-BCA84824639E}.Release|x86.ActiveCfg = Release|Any CPU
		{EDBB5745-15A1-4630-9B02-BCA84824639E}.Release|x86.Build.0 = Release|Any CPU
	EndGlobalSection
	GlobalSection(SolutionProperties) = preSolution
		HideSolutionNode = FALSE
	EndGlobalSection
	GlobalSection(ExtensibilityGlobals) = postSolution
		SolutionGuid = {05C9C8A5-C32D-4E81-85D0-23F5C74C0B8F}
	EndGlobalSection
EndGlobal
